
Microsoft Visual Studio Solution File, Format Version 12.00
# Visual Studio Version 17
VisualStudioVersion = 17.3.32929.385
MinimumVisualStudioVersion = 10.0.40219.1
Project("{9A19103F-16F7-4668-BE54-9A1E7A4F7556}") = "FoodDeliveryApp", "FoodDeliveryApp.csproj", "{1C13755D-440F-4A1E-8863-9EAB93525C54}"
EndProject
Global
	GlobalSection(SolutionConfigurationPlatforms) = preSolution
		Debug|Any CPU = Debug|Any CPU
		Release|Any CPU = Release|Any CPU
	EndGlobalSection
	GlobalSection(ProjectConfigurationPlatforms) = postSolution
		{1C13755D-440F-4A1E-8863-9EAB93525C54}.Debug|Any CPU.ActiveCfg = Debug|Any CPU
		{1C13755D-440F-4A1E-8863-9EAB93525C54}.Debug|Any CPU.Build.0 = Debug|Any CPU
		{1C13755D-440F-4A1E-8863-9EAB93525C54}.Release|Any CPU.ActiveCfg = Release|Any CPU
		{1C13755D-440F-4A1E-8863-9EAB93525C54}.Release|Any CPU.Build.0 = Release|Any CPU
	EndGlobalSection
	GlobalSection(SolutionProperties) = preSolution
		HideSolutionNode = FALSE
	EndGlobalSection
	GlobalSection(ExtensibilityGlobals) = postSolution
		SolutionGuid = {220AB323-6596-4B4C-90B1-1D97E694F62E}
	EndGlobalSection
EndGlobal
